
Microsoft Visual Studio Solution File, Format Version 12.00
Project("{FAE04EC0-301F-11D3-BF4B-00C04F79EFBC}") = "ValheimPerformanceOptimizations", "ValheimPerformanceOptimizations\ValheimPerformanceOptimizations.csproj", "{AD2F8A00-7A5E-460D-80ED-F48DF0221D8C}"
EndProject
Global
	GlobalSection(SolutionConfigurationPlatforms) = preSolution
		Debug|Any CPU = Debug|Any CPU
		Release|Any CPU = Release|Any CPU
	EndGlobalSection
	GlobalSection(ProjectConfigurationPlatforms) = postSolution
		{AD2F8A00-7A5E-460D-80ED-F48DF0221D8C}.Debug|Any CPU.ActiveCfg = Debug|Any CPU
		{AD2F8A00-7A5E-460D-80ED-F48DF0221D8C}.Release|Any CPU.ActiveCfg = Release|Any CPU
		{AD2F8A00-7A5E-460D-80ED-F48DF0221D8C}.Release|Any CPU.Build.0 = Release|Any CPU
		{AD2F8A00-7A5E-460D-80ED-F48DF0221D8C}.Debug|Any CPU.Build.0 = Debug|Any CPU
	EndGlobalSection
EndGlobal
